
Microsoft Visual Studio Solution File, Format Version 12.00
# Visual Studio Version 16
VisualStudioVersion = 16.0.31424.327
MinimumVisualStudioVersion = 10.0.40219.1
Project("{FAE04EC0-301F-11D3-BF4B-00C04F79EFBC}") = "ApiInHelt", "ApiInHelt\ApiInHelt.csproj", "{EF4B8836-55B4-4CD9-9459-797C652D5068}"
EndProject
Global
	GlobalSection(SolutionConfigurationPlatforms) = preSolution
		Debug|Any CPU = Debug|Any CPU
		Release|Any CPU = Release|Any CPU
	EndGlobalSection
	GlobalSection(ProjectConfigurationPlatforms) = postSolution
		{EF4B8836-55B4-4CD9-9459-797C652D5068}.Debug|Any CPU.ActiveCfg = Debug|Any CPU
		{EF4B8836-55B4-4CD9-9459-797C652D5068}.Debug|Any CPU.Build.0 = Debug|Any CPU
		{EF4B8836-55B4-4CD9-9459-797C652D5068}.Release|Any CPU.ActiveCfg = Release|Any CPU
		{EF4B8836-55B4-4CD9-9459-797C652D5068}.Release|Any CPU.Build.0 = Release|Any CPU
	EndGlobalSection
	GlobalSection(SolutionProperties) = preSolution
		HideSolutionNode = FALSE
	EndGlobalSection
	GlobalSection(ExtensibilityGlobals) = postSolution
		SolutionGuid = {02DC4FDF-2511-40AD-B7F5-54BE3B4DF656}
	EndGlobalSection
EndGlobal
